// !$*UTF8*$!
{
	archiveVersion = 1;
	classes = {
	};
	objectVersion = 46;
	objects = {

/* Begin PBXBuildFile section */
		798F5D831B2CA80700F50EA0 /* AppDelegate.swift in Sources */ = {isa = PBXBuildFile; fileRef = 798F5D821B2CA80700F50EA0 /* AppDelegate.swift */; };
		798F5D851B2CA80700F50EA0 /* ViewController.swift in Sources */ = {isa = PBXBuildFile; fileRef = 798F5D841B2CA80700F50EA0 /* ViewController.swift */; };
		798F5D881B2CA80700F50EA0 /* Main.storyboard in Resources */ = {isa = PBXBuildFile; fileRef = 798F5D861B2CA80700F50EA0 /* Main.storyboard */; };
		798F5D8A1B2CA80700F50EA0 /* Images.xcassets in Resources */ = {isa = PBXBuildFile; fileRef = 798F5D891B2CA80700F50EA0 /* Images.xcassets */; };
		798F5D8D1B2CA80700F50EA0 /* LaunchScreen.xib in Resources */ = {isa = PBXBuildFile; fileRef = 798F5D8B1B2CA80700F50EA0 /* LaunchScreen.xib */; };
		798F5D991B2CA80700F50EA0 /* animalNoisesTests.swift in Sources */ = {isa = PBXBuildFile; fileRef = 798F5D981B2CA80700F50EA0 /* animalNoisesTests.swift */; };
/* End PBXBuildFile section */

/* Begin PBXContainerItemProxy section */
		798F5D931B2CA80700F50EA0 /* PBXContainerItemProxy */ = {
			isa = PBXContainerItemProxy;
			containerPortal = 798F5D751B2CA80700F50EA0 /* Project object */;
			proxyType = 1;
			remoteGlobalIDString = 798F5D7C1B2CA80700F50EA0;
			remoteInfo = animalNoises;
		};
/* End PBXContainerItemProxy section */

/* Begin PBXFileReference section */
		798F5D7D1B2CA80700F50EA0 /* animalNoises.app */ = {isa = PBXFileReference; explicitFileType = wrapper.application; includeInIndex = 0; path = animalNoises.app; sourceTree = BUILT_PRODUCTS_DIR; };
		798F5D811B2CA80700F50EA0 /* Info.plist */ = {isa = PBXFileReference; lastKnownFileType = text.plist.xml; path = Info.plist; sourceTree = "<group>"; };
		798F5D821B2CA80700F50EA0 /* AppDelegate.swift */ = {isa = PBXFileReference; lastKnownFileType = sourcecode.swift; path = AppDelegate.swift; sourceTree = "<group>"; };
		798F5D841B2CA80700F50EA0 /* ViewController.swift */ = {isa = PBXFileReference; lastKnownFileType = sourcecode.swift; path = ViewController.swift; sourceTree = "<group>"; };
		798F5D871B2CA80700F50EA0 /* Base */ = {isa = PBXFileReference; lastKnownFileType = file.storyboard; name = Base; path = Base.lproj/Main.storyboard; sourceTree = "<group>"; };
		798F5D891B2CA80700F50EA0 /* Images.xcassets */ = {isa = PBXFileReference; lastKnownFileType = folder.assetcatalog; path = Images.xcassets; sourceTree = "<group>"; };
		798F5D8C1B2CA80700F50EA0 /* Base */ = {isa = PBXFileReference; lastKnownFileType = file.xib; name = Base; path = Base.lproj/LaunchScreen.xib; sourceTree = "<group>"; };
		798F5D921B2CA80700F50EA0 /* animalNoisesTests.xctest */ = {isa = PBXFileReference; explicitFileType = wrapper.cfbundle; includeInIndex = 0; path = animalNoisesTests.xctest; sourceTree = BUILT_PRODUCTS_DIR; };
		798F5D971B2CA80700F50EA0 /* Info.plist */ = {isa = PBXFileReference; lastKnownFileType = text.plist.xml; path = Info.plist; sourceTree = "<group>"; };
		798F5D981B2CA80700F50EA0 /* animalNoisesTests.swift */ = {isa = PBXFileReference; lastKnownFileType = sourcecode.swift; path = animalNoisesTests.swift; sourceTree = "<group>"; };
/* End PBXFileReference section */

/* Begin PBXFrameworksBuildPhase section */
		798F5D7A1B2CA80700F50EA0 /* Frameworks */ = {
			isa = PBXFrameworksBuildPhase;
			buildActionMask = 2147483647;
			files = (
			);
			runOnlyForDeploymentPostprocessing = 0;
		};
		798F5D8F1B2CA80700F50EA0 /* Frameworks */ = {
			isa = PBXFrameworksBuildPhase;
			buildActionMask = 2147483647;
			files = (
			);
			runOnlyForDeploymentPostprocessing = 0;
		};
/* End PBXFrameworksBuildPhase section */

/* Begin PBXGroup section */
		798F5D741B2CA80700F50EA0 = {
			isa = PBXGroup;
			children = (
				798F5D7F1B2CA80700F50EA0 /* animalNoises */,
				798F5D951B2CA80700F50EA0 /* animalNoisesTests */,
				798F5D7E1B2CA80700F50EA0 /* Products */,
			);
			sourceTree = "<group>";
		};
		798F5D7E1B2CA80700F50EA0 /* Products */ = {
			isa = PBXGroup;
			children = (
				798F5D7D1B2CA80700F50EA0 /* animalNoises.app */,
				798F5D921B2CA80700F50EA0 /* animalNoisesTests.xctest */,
			);
			name = Products;
			sourceTree = "<group>";
		};
		798F5D7F1B2CA80700F50EA0 /* animalNoises */ = {
			isa = PBXGroup;
			children = (
				798F5D821B2CA80700F50EA0 /* AppDelegate.swift */,
				798F5D841B2CA80700F50EA0 /* ViewController.swift */,
				798F5D861B2CA80700F50EA0 /* Main.storyboard */,
				798F5D891B2CA80700F50EA0 /* Images.xcassets */,
				798F5D8B1B2CA80700F50EA0 /* LaunchScreen.xib */,
				798F5D801B2CA80700F50EA0 /* Supporting Files */,
			);
			path = animalNoises;
			sourceTree = "<group>";
		};
		798F5D801B2CA80700F50EA0 /* Supporting Files */ = {
			isa = PBXGroup;
			children = (
				798F5D811B2CA80700F50EA0 /* Info.plist */,
			);
			name = "Supporting Files";
			sourceTree = "<group>";
		};
		798F5D951B2CA80700F50EA0 /* animalNoisesTests */ = {
			isa = PBXGroup;
			children = (
				798F5D981B2CA80700F50EA0 /* animalNoisesTests.swift */,
				798F5D961B2CA80700F50EA0 /* Supporting Files */,
			);
			path = animalNoisesTests;
			sourceTree = "<group>";
		};
		798F5D961B2CA80700F50EA0 /* Supporting Files */ = {
			isa = PBXGroup;
			children = (
				798F5D971B2CA80700F50EA0 /* Info.plist */,
			);
			name = "Supporting Files";
			sourceTree = "<group>";
		};
/* End PBXGroup section */

/* Begin PBXNativeTarget section */
		798F5D7C1B2CA80700F50EA0 /* animalNoises */ = {
			isa = PBXNativeTarget;
			buildConfigurationList = 798F5D9C1B2CA80700F50EA0 /* Build configuration list for PBXNativeTarget "animalNoises" */;
			buildPhases = (
				798F5D791B2CA80700F50EA0 /* Sources */,
				798F5D7A1B2CA80700F50EA0 /* Frameworks */,
				798F5D7B1B2CA80700F50EA0 /* Resources */,
			);
			buildRules = (
			);
			dependencies = (
			);
			name = animalNoises;
			productName = animalNoises;
			productReference = 798F5D7D1B2CA80700F50EA0 /* animalNoises.app */;
			productType = "com.apple.product-type.application";
		};
		798F5D911B2CA80700F50EA0 /* animalNoisesTests */ = {
			isa = PBXNativeTarget;
			buildConfigurationList = 798F5D9F1B2CA80700F50EA0 /* Build configuration list for PBXNativeTarget "animalNoisesTests" */;
			buildPhases = (
				798F5D8E1B2CA80700F50EA0 /* Sources */,
				798F5D8F1B2CA80700F50EA0 /* Frameworks */,
				798F5D901B2CA80700F50EA0 /* Resources */,
			);
			buildRules = (
			);
			dependencies = (
				798F5D941B2CA80700F50EA0 /* PBXTargetDependency */,
			);
			name = animalNoisesTests;
			productName = animalNoisesTests;
			productReference = 798F5D921B2CA80700F50EA0 /* animalNoisesTests.xctest */;
			productType = "com.apple.product-type.bundle.unit-test";
		};
/* End PBXNativeTarget section */

/* Begin PBXProject section */
		798F5D751B2CA80700F50EA0 /* Project object */ = {
			isa = PBXProject;
			attributes = {
				LastUpgradeCheck = 0630;
				ORGANIZATIONNAME = "Trevor Hall";
				TargetAttributes = {
					798F5D7C1B2CA80700F50EA0 = {
						CreatedOnToolsVersion = 6.3.2;
					};
					798F5D911B2CA80700F50EA0 = {
						CreatedOnToolsVersion = 6.3.2;
						TestTargetID = 798F5D7C1B2CA80700F50EA0;
					};
				};
			};
			buildConfigurationList = 798F5D781B2CA80700F50EA0 /* Build configuration list for PBXProject "animalNoises" */;
			compatibilityVersion = "Xcode 3.2";
			developmentRegion = English;
			hasScannedForEncodings = 0;
			knownRegions = (
				en,
				Base,
			);
			mainGroup = 798F5D741B2CA80700F50EA0;
			productRefGroup = 798F5D7E1B2CA80700F50EA0 /* Products */;
			projectDirPath = "";
			projectRoot = "";
			targets = (
				798F5D7C1B2CA80700F50EA0 /* animalNoises */,
				798F5D911B2CA80700F50EA0 /* animalNoisesTests */,
			);
		};
/* End PBXProject section */

/* Begin PBXResourcesBuildPhase section */
		798F5D7B1B2CA80700F50EA0 /* Resources */ = {
			isa = PBXResourcesBuildPhase;
			buildActionMask = 2147483647;
			files = (
				798F5D881B2CA80700F50EA0 /* Main.storyboard in Resources */,
				798F5D8D1B2CA80700F50EA0 /* LaunchScreen.xib in Resources */,
				798F5D8A1B2CA80700F50EA0 /* Images.xcassets in Resources */,
			);
			runOnlyForDeploymentPostprocessing = 0;
		};
		798F5D901B2CA80700F50EA0 /* Resources */ = {
			isa = PBXResourcesBuildPhase;
			buildActionMask = 2147483647;
			files = (
			);
			runOnlyForDeploymentPostprocessing = 0;
		};
/* End PBXResourcesBuildPhase section */

/* Begin PBXSourcesBuildPhase section */
		798F5D791B2CA80700F50EA0 /* Sources */ = {
			isa = PBXSourcesBuildPhase;
			buildActionMask = 2147483647;
			files = (
				798F5D851B2CA80700F50EA0 /* ViewController.swift in Sources */,
				798F5D831B2CA80700F50EA0 /* AppDelegate.swift in Sources */,
			);
			runOnlyForDeploymentPostprocessing = 0;
		};
		798F5D8E1B2CA80700F50EA0 /* Sources */ = {
			isa = PBXSourcesBuildPhase;
			buildActionMask = 2147483647;
			files = (
				798F5D991B2CA80700F50EA0 /* animalNoisesTests.swift in Sources */,
			);
			runOnlyForDeploymentPostprocessing = 0;
		};
/* End PBXSourcesBuildPhase section */

/* Begin PBXTargetDependency section */
		798F5D941B2CA80700F50EA0 /* PBXTargetDependency */ = {
			isa = PBXTargetDependency;
			target = 798F5D7C1B2CA80700F50EA0 /* animalNoises */;
			targetProxy = 798F5D931B2CA80700F50EA0 /* PBXContainerItemProxy */;
		};
/* End PBXTargetDependency section */

/* Begin PBXVariantGroup section */
		798F5D861B2CA80700F50EA0 /* Main.storyboard */ = {
			isa = PBXVariantGroup;
			children = (
				798F5D871B2CA80700F50EA0 /* Base */,
			);
			name = Main.storyboard;
			sourceTree = "<group>";
		};
		798F5D8B1B2CA80700F50EA0 /* LaunchScreen.xib */ = {
			isa = PBXVariantGroup;
			children = (
				798F5D8C1B2CA80700F50EA0 /* Base */,
			);
			name = LaunchScreen.xib;
			sourceTree = "<group>";
		};
/* End PBXVariantGroup section */

/* Begin XCBuildConfiguration section */
		798F5D9A1B2CA80700F50EA0 /* Debug */ = {
			isa = XCBuildConfiguration;
			buildSettings = {
				ALWAYS_SEARCH_USER_PATHS = NO;
				CLANG_CXX_LANGUAGE_STANDARD = "gnu++0x";
				CLANG_CXX_LIBRARY = "libc++";
				CLANG_ENABLE_MODULES = YES;
				CLANG_ENABLE_OBJC_ARC = YES;
				CLANG_WARN_BOOL_CONVERSION = YES;
				CLANG_WARN_CONSTANT_CONVERSION = YES;
				CLANG_WARN_DIRECT_OBJC_ISA_USAGE = YES_ERROR;
				CLANG_WARN_EMPTY_BODY = YES;
				CLANG_WARN_ENUM_CONVERSION = YES;
				CLANG_WARN_INT_CONVERSION = YES;
				CLANG_WARN_OBJC_ROOT_CLASS = YES_ERROR;
				CLANG_WARN_UNREACHABLE_CODE = YES;
				CLANG_WARN__DUPLICATE_METHOD_MATCH = YES;
				"CODE_SIGN_IDENTITY[sdk=iphoneos*]" = "iPhone Developer";
				COPY_PHASE_STRIP = NO;
				DEBUG_INFORMATION_FORMAT = "dwarf-with-dsym";
				ENABLE_STRICT_OBJC_MSGSEND = YES;
				GCC_C_LANGUAGE_STANDARD = gnu99;
				GCC_DYNAMIC_NO_PIC = NO;
				GCC_NO_COMMON_BLOCKS = YES;
				GCC_OPTIMIZATION_LEVEL = 0;
				GCC_PREPROCESSOR_DEFINITIONS = (
					"DEBUG=1",
					"$(inherited)",
				);
				GCC_SYMBOLS_PRIVATE_EXTERN = NO;
				GCC_WARN_64_TO_32_BIT_CONVERSION = YES;
				GCC_WARN_ABOUT_RETURN_TYPE = YES_ERROR;
				GCC_WARN_UNDECLARED_SELECTOR = YES;
				GCC_WARN_UNINITIALIZED_AUTOS = YES_AGGRESSIVE;
				GCC_WARN_UNUSED_FUNCTION = YES;
				GCC_WARN_UNUSED_VARIABLE = YES;
				IPHONEOS_DEPLOYMENT_TARGET = 8.3;
				MTL_ENABLE_DEBUG_INFO = YES;
				ONLY_ACTIVE_ARCH = YES;
				SDKROOT = iphoneos;
				SWIFT_OPTIMIZATION_LEVEL = "-Onone";
				TARGETED_DEVICE_FAMILY = "1,2";
			};
			name = Debug;
		};
		798F5D9B1B2CA80700F50EA0 /* Release */ = {
			isa = XCBuildConfiguration;
			buildSettings = {
				ALWAYS_SEARCH_USER_PATHS = NO;
				CLANG_CXX_LANGUAGE_STANDARD = "gnu++0x";
				CLANG_CXX_LIBRARY = "libc++";
				CLANG_ENABLE_MODULES = YES;
				CLANG_ENABLE_OBJC_ARC = YES;
				CLANG_WARN_BOOL_CONVERSION = YES;
				CLANG_WARN_CONSTANT_CONVERSION = YES;
				CLANG_WARN_DIRECT_OBJC_ISA_USAGE = YES_ERROR;
				CLANG_WARN_EMPTY_BODY = YES;
				CLANG_WARN_ENUM_CONVERSION = YES;
				CLANG_WARN_INT_CONVERSION = YES;
				CLANG_WARN_OBJC_ROOT_CLASS = YES_ERROR;
				CLANG_WARN_UNREACHABLE_CODE = YES;
				CLANG_WARN__DUPLICATE_METHOD_MATCH = YES;
				"CODE_SIGN_IDENTITY[sdk=iphoneos*]" = "iPhone Developer";
				COPY_PHASE_STRIP = NO;
				DEBUG_INFORMATION_FORMAT = "dwarf-with-dsym";
				ENABLE_NS_ASSERTIONS = NO;
				ENABLE_STRICT_OBJC_MSGSEND = YES;
				GCC_C_LANGUAGE_STANDARD = gnu99;
				GCC_NO_COMMON_BLOCKS = YES;
				GCC_WARN_64_TO_32_BIT_CONVERSION = YES;
				GCC_WARN_ABOUT_RETURN_TYPE = YES_ERROR;
				GCC_WARN_UNDECLARED_SELECTOR = YES;
				GCC_WARN_UNINITIALIZED_AUTOS = YES_AGGRESSIVE;
				GCC_WARN_UNUSED_FUNCTION = YES;
				GCC_WARN_UNUSED_VARIABLE = YES;
				IPHONEOS_DEPLOYMENT_TARGET = 8.3;
				MTL_ENABLE_DEBUG_INFO = NO;
				SDKROOT = iphoneos;
				TARGETED_DEVICE_FAMILY = "1,2";
				VALIDATE_PRODUCT = YES;
			};
			name = Release;
		};
		798F5D9D1B2CA80700F50EA0 /* Debug */ = {
			isa = XCBuildConfiguration;
			buildSettings = {
				ASSETCATALOG_COMPILER_APPICON_NAME = AppIcon;
				INFOPLIST_FILE = animalNoises/Info.plist;
				LD_RUNPATH_SEARCH_PATHS = "$(inherited) @executable_path/Frameworks";
				PRODUCT_NAME = "$(TARGET_NAME)";
			};
			name = Debug;
		};
		798F5D9E1B2CA80700F50EA0 /* Release */ = {
			isa = XCBuildConfiguration;
			buildSettings = {
				ASSETCATALOG_COMPILER_APPICON_NAME = AppIcon;
				INFOPLIST_FILE = animalNoises/Info.plist;
				LD_RUNPATH_SEARCH_PATHS = "$(inherited) @executable_path/Frameworks";
				PRODUCT_NAME = "$(TARGET_NAME)";
			};
			name = Release;
		};
		798F5DA01B2CA80700F50EA0 /* Debug */ = {
			isa = XCBuildConfiguration;
			buildSettings = {
				BUNDLE_LOADER = "$(TEST_HOST)";
				FRAMEWORK_SEARCH_PATHS = (
					"$(SDKROOT)/Developer/Library/Frameworks",
					"$(inherited)",
				);
				GCC_PREPROCESSOR_DEFINITIONS = (
					"DEBUG=1",
					"$(inherited)",
				);
				INFOPLIST_FILE = animalNoisesTests/Info.plist;
				LD_RUNPATH_SEARCH_PATHS = "$(inherited) @executable_path/Frameworks @loader_path/Frameworks";
				PRODUCT_NAME = "$(TARGET_NAME)";
				TEST_HOST = "$(BUILT_PRODUCTS_DIR)/animalNoises.app/animalNoises";
			};
			name = Debug;
		};
		798F5DA11B2CA80700F50EA0 /* Release */ = {
			isa = XCBuildConfiguration;
			buildSettings = {
				BUNDLE_LOADER = "$(TEST_HOST)";
				FRAMEWORK_SEARCH_PATHS = (
					"$(SDKROOT)/Developer/Library/Frameworks",
					"$(inherited)",
				);
				INFOPLIST_FILE = animalNoisesTests/Info.plist;
				LD_RUNPATH_SEARCH_PATHS = "$(inherited) @executable_path/Frameworks @loader_path/Frameworks";
				PRODUCT_NAME = "$(TARGET_NAME)";
				TEST_HOST = "$(BUILT_PRODUCTS_DIR)/animalNoises.app/animalNoises";
			};
			name = Release;
		};
/* End XCBuildConfiguration section */

/* Begin XCConfigurationList section */
		798F5D781B2CA80700F50EA0 /* Build configuration list for PBXProject "animalNoises" */ = {
			isa = XCConfigurationList;
			buildConfigurations = (
				798F5D9A1B2CA80700F50EA0 /* Debug */,
				798F5D9B1B2CA80700F50EA0 /* Release */,
			);
			defaultConfigurationIsVisible = 0;
			defaultConfigurationName = Release;
		};
		798F5D9C1B2CA80700F50EA0 /* Build configuration list for PBXNativeTarget "animalNoises" */ = {
			isa = XCConfigurationList;
			buildConfigurations = (
				798F5D9D1B2CA80700F50EA0 /* Debug */,
				798F5D9E1B2CA80700F50EA0 /* Release */,
			);
			defaultConfigurationIsVisible = 0;
		};
		798F5D9F1B2CA80700F50EA0 /* Build configuration list for PBXNativeTarget "animalNoisesTests" */ = {
			isa = XCConfigurationList;
			buildConfigurations = (
				798F5DA01B2CA80700F50EA0 /* Debug */,
				798F5DA11B2CA80700F50EA0 /* Release */,
			);
			defaultConfigurationIsVisible = 0;
		};
/* End XCConfigurationList section */
	};
	rootObject = 798F5D751B2CA80700F50EA0 /* Project object */;
}
